
Microsoft Visual Studio Solution File, Format Version 12.00
# Visual Studio 14
VisualStudioVersion = 14.0.25420.1
MinimumVisualStudioVersion = 10.0.40219.1
Project("{FAE04EC0-301F-11D3-BF4B-00C04F79EFBC}") = "DbUp", "DbUp\DbUp.csproj", "{2D2C117A-7841-4285-A4CE-E7C4FC64AD9B}"
EndProject
Project("{2150E333-8FDC-42A3-9474-1A3956D46DE8}") = "_", "_", "{FA530374-E28B-419B-BCA2-82A0512774F2}"
	ProjectSection(SolutionItems) = preProject
		..\appveyor.yml = ..\appveyor.yml
		..\README.md = ..\README.md
		Information\SolutionInfo.cs = Information\SolutionInfo.cs
		Information\VersionInfo.cs = Information\VersionInfo.cs
	EndProjectSection
EndProject
Global
	GlobalSection(SolutionConfigurationPlatforms) = preSolution
		Debug|Mixed Platforms = Debug|Mixed Platforms
		Release|Mixed Platforms = Release|Mixed Platforms
	EndGlobalSection
	GlobalSection(ProjectConfigurationPlatforms) = postSolution
		{2D2C117A-7841-4285-A4CE-E7C4FC64AD9B}.Debug|Mixed Platforms.ActiveCfg = Debug|Any CPU
		{2D2C117A-7841-4285-A4CE-E7C4FC64AD9B}.Debug|Mixed Platforms.Build.0 = Debug|Any CPU
		{2D2C117A-7841-4285-A4CE-E7C4FC64AD9B}.Release|Mixed Platforms.ActiveCfg = Release|Any CPU
		{2D2C117A-7841-4285-A4CE-E7C4FC64AD9B}.Release|Mixed Platforms.Build.0 = Release|Any CPU
	EndGlobalSection
	GlobalSection(SolutionProperties) = preSolution
		HideSolutionNode = FALSE
	EndGlobalSection
	GlobalSection(MonoDevelopProperties) = preSolution
		StartupItem = DbUp\DbUp.csproj
	EndGlobalSection
EndGlobal
